// !$*UTF8*$!
{
	archiveVersion = 1;
	classes = {
	};
	objectVersion = 51;
	objects = {

/* Begin PBXBuildFile section */
		760BE7ED0B4A486BD12850AC /* Pods_ProyectoPEM.framework in Frameworks */ = {isa = PBXBuildFile; fileRef = FB676B7CCA5C50CDAE796DF1 /* Pods_ProyectoPEM.framework */; };
		D43DF36B23B7C34C00AE4A2F /* TableData.swift in Sources */ = {isa = PBXBuildFile; fileRef = D43DF36A23B7C34C00AE4A2F /* TableData.swift */; };
		D43E4A6023B131300039C254 /* GuestProfileViewController.swift in Sources */ = {isa = PBXBuildFile; fileRef = D43E4A5F23B131300039C254 /* GuestProfileViewController.swift */; };
		D43E4A6223B1315C0039C254 /* GuestViewController.swift in Sources */ = {isa = PBXBuildFile; fileRef = D43E4A6123B1315C0039C254 /* GuestViewController.swift */; };
		D43E4A6423B131730039C254 /* SignInViewController.swift in Sources */ = {isa = PBXBuildFile; fileRef = D43E4A6323B131730039C254 /* SignInViewController.swift */; };
		D43E4A6623B131830039C254 /* SignUpViewController.swift in Sources */ = {isa = PBXBuildFile; fileRef = D43E4A6523B131830039C254 /* SignUpViewController.swift */; };
		D43E4A6823B131BD0039C254 /* UserProfileViewController.swift in Sources */ = {isa = PBXBuildFile; fileRef = D43E4A6723B131BD0039C254 /* UserProfileViewController.swift */; };
		D43E4A6A23B131CC0039C254 /* UserViewController.swift in Sources */ = {isa = PBXBuildFile; fileRef = D43E4A6923B131CC0039C254 /* UserViewController.swift */; };
		D44210EA23B4CCB200107B65 /* GoogleService-Info.plist in Resources */ = {isa = PBXBuildFile; fileRef = D44210E923B4CCB200107B65 /* GoogleService-Info.plist */; };
		D44210EC23B4CF8F00107B65 /* GuestSearchModel.swift in Sources */ = {isa = PBXBuildFile; fileRef = D44210EB23B4CF8F00107B65 /* GuestSearchModel.swift */; };
		D44210EE23B4CFAE00107B65 /* LoginModel.swift in Sources */ = {isa = PBXBuildFile; fileRef = D44210ED23B4CFAE00107B65 /* LoginModel.swift */; };
		D44210F223B4CFDA00107B65 /* RegisterModel.swift in Sources */ = {isa = PBXBuildFile; fileRef = D44210F123B4CFDA00107B65 /* RegisterModel.swift */; };
		D44210F423B4D00D00107B65 /* GuestViewerModel.swift in Sources */ = {isa = PBXBuildFile; fileRef = D44210F323B4D00D00107B65 /* GuestViewerModel.swift */; };
		D44210F623B4D05100107B65 /* UserProfileModel.swift in Sources */ = {isa = PBXBuildFile; fileRef = D44210F523B4D05100107B65 /* UserProfileModel.swift */; };
		D44210F823B4D06800107B65 /* UserViewerModel.swift in Sources */ = {isa = PBXBuildFile; fileRef = D44210F723B4D06800107B65 /* UserViewerModel.swift */; };
		D44210FA23B4D08100107B65 /* HomeModel.swift in Sources */ = {isa = PBXBuildFile; fileRef = D44210F923B4D08100107B65 /* HomeModel.swift */; };
		D4438B9223B0EA7600EDE0DB /* AppDelegate.swift in Sources */ = {isa = PBXBuildFile; fileRef = D4438B9123B0EA7600EDE0DB /* AppDelegate.swift */; };
		D4438B9623B0EA7600EDE0DB /* HomeViewController.swift in Sources */ = {isa = PBXBuildFile; fileRef = D4438B9523B0EA7600EDE0DB /* HomeViewController.swift */; };
		D4438B9923B0EA7600EDE0DB /* Main.storyboard in Resources */ = {isa = PBXBuildFile; fileRef = D4438B9723B0EA7600EDE0DB /* Main.storyboard */; };
		D4438B9B23B0EA7900EDE0DB /* Assets.xcassets in Resources */ = {isa = PBXBuildFile; fileRef = D4438B9A23B0EA7900EDE0DB /* Assets.xcassets */; };
		D4438B9E23B0EA7900EDE0DB /* LaunchScreen.storyboard in Resources */ = {isa = PBXBuildFile; fileRef = D4438B9C23B0EA7900EDE0DB /* LaunchScreen.storyboard */; };
/* End PBXBuildFile section */

/* Begin PBXFileReference section */
		0CED209314C17F1410FA42E0 /* Pods-ProyectoPEM.debug.xcconfig */ = {isa = PBXFileReference; includeInIndex = 1; lastKnownFileType = text.xcconfig; name = "Pods-ProyectoPEM.debug.xcconfig"; path = "Target Support Files/Pods-ProyectoPEM/Pods-ProyectoPEM.debug.xcconfig"; sourceTree = "<group>"; };
		D43DF36A23B7C34C00AE4A2F /* TableData.swift */ = {isa = PBXFileReference; lastKnownFileType = sourcecode.swift; path = TableData.swift; sourceTree = "<group>"; };
		D43E4A5F23B131300039C254 /* GuestProfileViewController.swift */ = {isa = PBXFileReference; lastKnownFileType = sourcecode.swift; path = GuestProfileViewController.swift; sourceTree = "<group>"; };
		D43E4A6123B1315C0039C254 /* GuestViewController.swift */ = {isa = PBXFileReference; lastKnownFileType = sourcecode.swift; path = GuestViewController.swift; sourceTree = "<group>"; };
		D43E4A6323B131730039C254 /* SignInViewController.swift */ = {isa = PBXFileReference; lastKnownFileType = sourcecode.swift; path = SignInViewController.swift; sourceTree = "<group>"; };
		D43E4A6523B131830039C254 /* SignUpViewController.swift */ = {isa = PBXFileReference; lastKnownFileType = sourcecode.swift; path = SignUpViewController.swift; sourceTree = "<group>"; };
		D43E4A6723B131BD0039C254 /* UserProfileViewController.swift */ = {isa = PBXFileReference; lastKnownFileType = sourcecode.swift; path = UserProfileViewController.swift; sourceTree = "<group>"; };
		D43E4A6923B131CC0039C254 /* UserViewController.swift */ = {isa = PBXFileReference; lastKnownFileType = sourcecode.swift; path = UserViewController.swift; sourceTree = "<group>"; };
		D44210E923B4CCB200107B65 /* GoogleService-Info.plist */ = {isa = PBXFileReference; fileEncoding = 4; lastKnownFileType = text.plist.xml; path = "GoogleService-Info.plist"; sourceTree = "<group>"; };
		D44210EB23B4CF8F00107B65 /* GuestSearchModel.swift */ = {isa = PBXFileReference; lastKnownFileType = sourcecode.swift; path = GuestSearchModel.swift; sourceTree = "<group>"; };
		D44210ED23B4CFAE00107B65 /* LoginModel.swift */ = {isa = PBXFileReference; lastKnownFileType = sourcecode.swift; path = LoginModel.swift; sourceTree = "<group>"; };
		D44210F123B4CFDA00107B65 /* RegisterModel.swift */ = {isa = PBXFileReference; lastKnownFileType = sourcecode.swift; path = RegisterModel.swift; sourceTree = "<group>"; };
		D44210F323B4D00D00107B65 /* GuestViewerModel.swift */ = {isa = PBXFileReference; lastKnownFileType = sourcecode.swift; path = GuestViewerModel.swift; sourceTree = "<group>"; };
		D44210F523B4D05100107B65 /* UserProfileModel.swift */ = {isa = PBXFileReference; lastKnownFileType = sourcecode.swift; path = UserProfileModel.swift; sourceTree = "<group>"; };
		D44210F723B4D06800107B65 /* UserViewerModel.swift */ = {isa = PBXFileReference; lastKnownFileType = sourcecode.swift; path = UserViewerModel.swift; sourceTree = "<group>"; };
		D44210F923B4D08100107B65 /* HomeModel.swift */ = {isa = PBXFileReference; lastKnownFileType = sourcecode.swift; path = HomeModel.swift; sourceTree = "<group>"; };
		D4438B8E23B0EA7600EDE0DB /* ProyectoPEM.app */ = {isa = PBXFileReference; explicitFileType = wrapper.application; includeInIndex = 0; path = ProyectoPEM.app; sourceTree = BUILT_PRODUCTS_DIR; };
		D4438B9123B0EA7600EDE0DB /* AppDelegate.swift */ = {isa = PBXFileReference; lastKnownFileType = sourcecode.swift; path = AppDelegate.swift; sourceTree = "<group>"; };
		D4438B9523B0EA7600EDE0DB /* HomeViewController.swift */ = {isa = PBXFileReference; lastKnownFileType = sourcecode.swift; path = HomeViewController.swift; sourceTree = "<group>"; };
		D4438B9823B0EA7600EDE0DB /* Base */ = {isa = PBXFileReference; lastKnownFileType = file.storyboard; name = Base; path = Base.lproj/Main.storyboard; sourceTree = "<group>"; };
		D4438B9A23B0EA7900EDE0DB /* Assets.xcassets */ = {isa = PBXFileReference; lastKnownFileType = folder.assetcatalog; path = Assets.xcassets; sourceTree = "<group>"; };
		D4438B9D23B0EA7900EDE0DB /* Base */ = {isa = PBXFileReference; lastKnownFileType = file.storyboard; name = Base; path = Base.lproj/LaunchScreen.storyboard; sourceTree = "<group>"; };
		D4438B9F23B0EA7900EDE0DB /* Info.plist */ = {isa = PBXFileReference; lastKnownFileType = text.plist.xml; path = Info.plist; sourceTree = "<group>"; };
		D7BC40F767EA16BFF39B7958 /* Pods-ProyectoPEM.release.xcconfig */ = {isa = PBXFileReference; includeInIndex = 1; lastKnownFileType = text.xcconfig; name = "Pods-ProyectoPEM.release.xcconfig"; path = "Target Support Files/Pods-ProyectoPEM/Pods-ProyectoPEM.release.xcconfig"; sourceTree = "<group>"; };
		FB676B7CCA5C50CDAE796DF1 /* Pods_ProyectoPEM.framework */ = {isa = PBXFileReference; explicitFileType = wrapper.framework; includeInIndex = 0; path = Pods_ProyectoPEM.framework; sourceTree = BUILT_PRODUCTS_DIR; };
/* End PBXFileReference section */

/* Begin PBXFrameworksBuildPhase section */
		D4438B8B23B0EA7600EDE0DB /* Frameworks */ = {
			isa = PBXFrameworksBuildPhase;
			buildActionMask = 2147483647;
			files = (
				760BE7ED0B4A486BD12850AC /* Pods_ProyectoPEM.framework in Frameworks */,
			);
			runOnlyForDeploymentPostprocessing = 0;
		};
/* End PBXFrameworksBuildPhase section */

/* Begin PBXGroup section */
		5737598ADA4C5894533AEC61 /* Pods */ = {
			isa = PBXGroup;
			children = (
				0CED209314C17F1410FA42E0 /* Pods-ProyectoPEM.debug.xcconfig */,
				D7BC40F767EA16BFF39B7958 /* Pods-ProyectoPEM.release.xcconfig */,
			);
			path = Pods;
			sourceTree = "<group>";
		};
		D43E4A5D23B12BA10039C254 /* User */ = {
			isa = PBXGroup;
			children = (
				D43E4A6323B131730039C254 /* SignInViewController.swift */,
				D43E4A6523B131830039C254 /* SignUpViewController.swift */,
				D43E4A6723B131BD0039C254 /* UserProfileViewController.swift */,
				D43E4A6923B131CC0039C254 /* UserViewController.swift */,
			);
			path = User;
			sourceTree = "<group>";
		};
		D43E4A5E23B12BA90039C254 /* Guest */ = {
			isa = PBXGroup;
			children = (
				D43E4A5F23B131300039C254 /* GuestProfileViewController.swift */,
				D43E4A6123B1315C0039C254 /* GuestViewController.swift */,
			);
			path = Guest;
			sourceTree = "<group>";
		};
		D44210EF23B4CFBC00107B65 /* User */ = {
			isa = PBXGroup;
			children = (
				D44210ED23B4CFAE00107B65 /* LoginModel.swift */,
				D44210F123B4CFDA00107B65 /* RegisterModel.swift */,
				D44210F523B4D05100107B65 /* UserProfileModel.swift */,
				D44210F723B4D06800107B65 /* UserViewerModel.swift */,
			);
			path = User;
			sourceTree = "<group>";
		};
		D44210F023B4CFC700107B65 /* Guest */ = {
			isa = PBXGroup;
			children = (
				D44210EB23B4CF8F00107B65 /* GuestSearchModel.swift */,
				D44210F323B4D00D00107B65 /* GuestViewerModel.swift */,
			);
			path = Guest;
			sourceTree = "<group>";
		};
		D4438B8523B0EA7600EDE0DB = {
			isa = PBXGroup;
			children = (
				D4438B9023B0EA7600EDE0DB /* ProyectoPEM */,
				D4438B8F23B0EA7600EDE0DB /* Products */,
				5737598ADA4C5894533AEC61 /* Pods */,
				FB8B5E503E6F8E1184D12436 /* Frameworks */,
			);
			sourceTree = "<group>";
		};
		D4438B8F23B0EA7600EDE0DB /* Products */ = {
			isa = PBXGroup;
			children = (
				D4438B8E23B0EA7600EDE0DB /* ProyectoPEM.app */,
			);
			name = Products;
			sourceTree = "<group>";
		};
		D4438B9023B0EA7600EDE0DB /* ProyectoPEM */ = {
			isa = PBXGroup;
			children = (
				D44210E923B4CCB200107B65 /* GoogleService-Info.plist */,
				D4438B9123B0EA7600EDE0DB /* AppDelegate.swift */,
				D4438BA623B0EE4900EDE0DB /* Controllers */,
				D4438BA523B0EE3A00EDE0DB /* Models */,
				D4438B9723B0EA7600EDE0DB /* Main.storyboard */,
				D4438B9A23B0EA7900EDE0DB /* Assets.xcassets */,
				D4438B9C23B0EA7900EDE0DB /* LaunchScreen.storyboard */,
				D4438B9F23B0EA7900EDE0DB /* Info.plist */,
				D43DF36A23B7C34C00AE4A2F /* TableData.swift */,
			);
			path = ProyectoPEM;
			sourceTree = "<group>";
		};
		D4438BA523B0EE3A00EDE0DB /* Models */ = {
			isa = PBXGroup;
			children = (
				D44210F023B4CFC700107B65 /* Guest */,
				D44210EF23B4CFBC00107B65 /* User */,
				D44210F923B4D08100107B65 /* HomeModel.swift */,
			);
			path = Models;
			sourceTree = "<group>";
		};
		D4438BA623B0EE4900EDE0DB /* Controllers */ = {
			isa = PBXGroup;
			children = (
				D43E4A5E23B12BA90039C254 /* Guest */,
				D43E4A5D23B12BA10039C254 /* User */,
				D4438B9523B0EA7600EDE0DB /* HomeViewController.swift */,
			);
			path = Controllers;
			sourceTree = "<group>";
		};
		FB8B5E503E6F8E1184D12436 /* Frameworks */ = {
			isa = PBXGroup;
			children = (
				FB676B7CCA5C50CDAE796DF1 /* Pods_ProyectoPEM.framework */,
			);
			name = Frameworks;
			sourceTree = "<group>";
		};
/* End PBXGroup section */

/* Begin PBXNativeTarget section */
		D4438B8D23B0EA7600EDE0DB /* ProyectoPEM */ = {
			isa = PBXNativeTarget;
			buildConfigurationList = D4438BA223B0EA7900EDE0DB /* Build configuration list for PBXNativeTarget "ProyectoPEM" */;
			buildPhases = (
				6AE68444F76A7B51B123BEFE /* [CP] Check Pods Manifest.lock */,
				D4438B8A23B0EA7600EDE0DB /* Sources */,
				D4438B8B23B0EA7600EDE0DB /* Frameworks */,
				D4438B8C23B0EA7600EDE0DB /* Resources */,
				F07EE604C3B581E9FFFB533C /* [CP] Embed Pods Frameworks */,
			);
			buildRules = (
			);
			dependencies = (
			);
			name = ProyectoPEM;
			productName = ProyectoPEM;
			productReference = D4438B8E23B0EA7600EDE0DB /* ProyectoPEM.app */;
			productType = "com.apple.product-type.application";
		};
/* End PBXNativeTarget section */

/* Begin PBXProject section */
		D4438B8623B0EA7600EDE0DB /* Project object */ = {
			isa = PBXProject;
			attributes = {
				LastSwiftUpdateCheck = 1120;
				LastUpgradeCheck = 1120;
				ORGANIZATIONNAME = "Jose Daniel";
				TargetAttributes = {
					D4438B8D23B0EA7600EDE0DB = {
						CreatedOnToolsVersion = 11.2.1;
					};
				};
			};
			buildConfigurationList = D4438B8923B0EA7600EDE0DB /* Build configuration list for PBXProject "ProyectoPEM" */;
			compatibilityVersion = "Xcode 9.3";
			developmentRegion = en;
			hasScannedForEncodings = 0;
			knownRegions = (
				en,
				Base,
			);
			mainGroup = D4438B8523B0EA7600EDE0DB;
			productRefGroup = D4438B8F23B0EA7600EDE0DB /* Products */;
			projectDirPath = "";
			projectRoot = "";
			targets = (
				D4438B8D23B0EA7600EDE0DB /* ProyectoPEM */,
			);
		};
/* End PBXProject section */

/* Begin PBXResourcesBuildPhase section */
		D4438B8C23B0EA7600EDE0DB /* Resources */ = {
			isa = PBXResourcesBuildPhase;
			buildActionMask = 2147483647;
			files = (
				D4438B9E23B0EA7900EDE0DB /* LaunchScreen.storyboard in Resources */,
				D44210EA23B4CCB200107B65 /* GoogleService-Info.plist in Resources */,
				D4438B9B23B0EA7900EDE0DB /* Assets.xcassets in Resources */,
				D4438B9923B0EA7600EDE0DB /* Main.storyboard in Resources */,
			);
			runOnlyForDeploymentPostprocessing = 0;
		};
/* End PBXResourcesBuildPhase section */

/* Begin PBXShellScriptBuildPhase section */
		6AE68444F76A7B51B123BEFE /* [CP] Check Pods Manifest.lock */ = {
			isa = PBXShellScriptBuildPhase;
			buildActionMask = 2147483647;
			files = (
			);
			inputFileListPaths = (
			);
			inputPaths = (
				"${PODS_PODFILE_DIR_PATH}/Podfile.lock",
				"${PODS_ROOT}/Manifest.lock",
			);
			name = "[CP] Check Pods Manifest.lock";
			outputFileListPaths = (
			);
			outputPaths = (
				"$(DERIVED_FILE_DIR)/Pods-ProyectoPEM-checkManifestLockResult.txt",
			);
			runOnlyForDeploymentPostprocessing = 0;
			shellPath = /bin/sh;
			shellScript = "diff \"${PODS_PODFILE_DIR_PATH}/Podfile.lock\" \"${PODS_ROOT}/Manifest.lock\" > /dev/null\nif [ $? != 0 ] ; then\n    # print error to STDERR\n    echo \"error: The sandbox is not in sync with the Podfile.lock. Run 'pod install' or update your CocoaPods installation.\" >&2\n    exit 1\nfi\n# This output is used by Xcode 'outputs' to avoid re-running this script phase.\necho \"SUCCESS\" > \"${SCRIPT_OUTPUT_FILE_0}\"\n";
			showEnvVarsInLog = 0;
		};
		F07EE604C3B581E9FFFB533C /* [CP] Embed Pods Frameworks */ = {
			isa = PBXShellScriptBuildPhase;
			buildActionMask = 2147483647;
			files = (
			);
			inputFileListPaths = (
				"${PODS_ROOT}/Target Support Files/Pods-ProyectoPEM/Pods-ProyectoPEM-frameworks-${CONFIGURATION}-input-files.xcfilelist",
			);
			name = "[CP] Embed Pods Frameworks";
			outputFileListPaths = (
				"${PODS_ROOT}/Target Support Files/Pods-ProyectoPEM/Pods-ProyectoPEM-frameworks-${CONFIGURATION}-output-files.xcfilelist",
			);
			runOnlyForDeploymentPostprocessing = 0;
			shellPath = /bin/sh;
			shellScript = "\"${PODS_ROOT}/Target Support Files/Pods-ProyectoPEM/Pods-ProyectoPEM-frameworks.sh\"\n";
			showEnvVarsInLog = 0;
		};
/* End PBXShellScriptBuildPhase section */

/* Begin PBXSourcesBuildPhase section */
		D4438B8A23B0EA7600EDE0DB /* Sources */ = {
			isa = PBXSourcesBuildPhase;
			buildActionMask = 2147483647;
			files = (
				D43E4A6623B131830039C254 /* SignUpViewController.swift in Sources */,
				D43E4A6A23B131CC0039C254 /* UserViewController.swift in Sources */,
				D43E4A6023B131300039C254 /* GuestProfileViewController.swift in Sources */,
				D43E4A6823B131BD0039C254 /* UserProfileViewController.swift in Sources */,
				D44210F823B4D06800107B65 /* UserViewerModel.swift in Sources */,
				D4438B9623B0EA7600EDE0DB /* HomeViewController.swift in Sources */,
				D44210EE23B4CFAE00107B65 /* LoginModel.swift in Sources */,
				D44210F623B4D05100107B65 /* UserProfileModel.swift in Sources */,
				D44210FA23B4D08100107B65 /* HomeModel.swift in Sources */,
				D44210F423B4D00D00107B65 /* GuestViewerModel.swift in Sources */,
				D44210F223B4CFDA00107B65 /* RegisterModel.swift in Sources */,
				D44210EC23B4CF8F00107B65 /* GuestSearchModel.swift in Sources */,
				D4438B9223B0EA7600EDE0DB /* AppDelegate.swift in Sources */,
				D43E4A6423B131730039C254 /* SignInViewController.swift in Sources */,
				D43E4A6223B1315C0039C254 /* GuestViewController.swift in Sources */,
				D43DF36B23B7C34C00AE4A2F /* TableData.swift in Sources */,
			);
			runOnlyForDeploymentPostprocessing = 0;
		};
/* End PBXSourcesBuildPhase section */

/* Begin PBXVariantGroup section */
		D4438B9723B0EA7600EDE0DB /* Main.storyboard */ = {
			isa = PBXVariantGroup;
			children = (
				D4438B9823B0EA7600EDE0DB /* Base */,
			);
			name = Main.storyboard;
			sourceTree = "<group>";
		};
		D4438B9C23B0EA7900EDE0DB /* LaunchScreen.storyboard */ = {
			isa = PBXVariantGroup;
			children = (
				D4438B9D23B0EA7900EDE0DB /* Base */,
			);
			name = LaunchScreen.storyboard;
			sourceTree = "<group>";
		};
/* End PBXVariantGroup section */

/* Begin XCBuildConfiguration section */
		D4438BA023B0EA7900EDE0DB /* Debug */ = {
			isa = XCBuildConfiguration;
			buildSettings = {
				ALWAYS_SEARCH_USER_PATHS = NO;
				CLANG_ANALYZER_NONNULL = YES;
				CLANG_ANALYZER_NUMBER_OBJECT_CONVERSION = YES_AGGRESSIVE;
				CLANG_CXX_LANGUAGE_STANDARD = "gnu++14";
				CLANG_CXX_LIBRARY = "libc++";
				CLANG_ENABLE_MODULES = YES;
				CLANG_ENABLE_OBJC_ARC = YES;
				CLANG_ENABLE_OBJC_WEAK = YES;
				CLANG_WARN_BLOCK_CAPTURE_AUTORELEASING = YES;
				CLANG_WARN_BOOL_CONVERSION = YES;
				CLANG_WARN_COMMA = YES;
				CLANG_WARN_CONSTANT_CONVERSION = YES;
				CLANG_WARN_DEPRECATED_OBJC_IMPLEMENTATIONS = YES;
				CLANG_WARN_DIRECT_OBJC_ISA_USAGE = YES_ERROR;
				CLANG_WARN_DOCUMENTATION_COMMENTS = YES;
				CLANG_WARN_EMPTY_BODY = YES;
				CLANG_WARN_ENUM_CONVERSION = YES;
				CLANG_WARN_INFINITE_RECURSION = YES;
				CLANG_WARN_INT_CONVERSION = YES;
				CLANG_WARN_NON_LITERAL_NULL_CONVERSION = YES;
				CLANG_WARN_OBJC_IMPLICIT_RETAIN_SELF = YES;
				CLANG_WARN_OBJC_LITERAL_CONVERSION = YES;
				CLANG_WARN_OBJC_ROOT_CLASS = YES_ERROR;
				CLANG_WARN_RANGE_LOOP_ANALYSIS = YES;
				CLANG_WARN_STRICT_PROTOTYPES = YES;
				CLANG_WARN_SUSPICIOUS_MOVE = YES;
				CLANG_WARN_UNGUARDED_AVAILABILITY = YES_AGGRESSIVE;
				CLANG_WARN_UNREACHABLE_CODE = YES;
				CLANG_WARN__DUPLICATE_METHOD_MATCH = YES;
				COPY_PHASE_STRIP = NO;
				DEBUG_INFORMATION_FORMAT = dwarf;
				ENABLE_STRICT_OBJC_MSGSEND = YES;
				ENABLE_TESTABILITY = YES;
				GCC_C_LANGUAGE_STANDARD = gnu11;
				GCC_DYNAMIC_NO_PIC = NO;
				GCC_NO_COMMON_BLOCKS = YES;
				GCC_OPTIMIZATION_LEVEL = 0;
				GCC_PREPROCESSOR_DEFINITIONS = (
					"DEBUG=1",
					"$(inherited)",
				);
				GCC_WARN_64_TO_32_BIT_CONVERSION = YES;
				GCC_WARN_ABOUT_RETURN_TYPE = YES_ERROR;
				GCC_WARN_UNDECLARED_SELECTOR = YES;
				GCC_WARN_UNINITIALIZED_AUTOS = YES_AGGRESSIVE;
				GCC_WARN_UNUSED_FUNCTION = YES;
				GCC_WARN_UNUSED_VARIABLE = YES;
				IPHONEOS_DEPLOYMENT_TARGET = 13.2;
				MTL_ENABLE_DEBUG_INFO = INCLUDE_SOURCE;
				MTL_FAST_MATH = YES;
				ONLY_ACTIVE_ARCH = YES;
				SDKROOT = iphoneos;
				SWIFT_ACTIVE_COMPILATION_CONDITIONS = DEBUG;
				SWIFT_OPTIMIZATION_LEVEL = "-Onone";
			};
			name = Debug;
		};
		D4438BA123B0EA7900EDE0DB /* Release */ = {
			isa = XCBuildConfiguration;
			buildSettings = {
				ALWAYS_SEARCH_USER_PATHS = NO;
				CLANG_ANALYZER_NONNULL = YES;
				CLANG_ANALYZER_NUMBER_OBJECT_CONVERSION = YES_AGGRESSIVE;
				CLANG_CXX_LANGUAGE_STANDARD = "gnu++14";
				CLANG_CXX_LIBRARY = "libc++";
				CLANG_ENABLE_MODULES = YES;
				CLANG_ENABLE_OBJC_ARC = YES;
				CLANG_ENABLE_OBJC_WEAK = YES;
				CLANG_WARN_BLOCK_CAPTURE_AUTORELEASING = YES;
				CLANG_WARN_BOOL_CONVERSION = YES;
				CLANG_WARN_COMMA = YES;
				CLANG_WARN_CONSTANT_CONVERSION = YES;
				CLANG_WARN_DEPRECATED_OBJC_IMPLEMENTATIONS = YES;
				CLANG_WARN_DIRECT_OBJC_ISA_USAGE = YES_ERROR;
				CLANG_WARN_DOCUMENTATION_COMMENTS = YES;
				CLANG_WARN_EMPTY_BODY = YES;
				CLANG_WARN_ENUM_CONVERSION = YES;
				CLANG_WARN_INFINITE_RECURSION = YES;
				CLANG_WARN_INT_CONVERSION = YES;
				CLANG_WARN_NON_LITERAL_NULL_CONVERSION = YES;
				CLANG_WARN_OBJC_IMPLICIT_RETAIN_SELF = YES;
				CLANG_WARN_OBJC_LITERAL_CONVERSION = YES;
				CLANG_WARN_OBJC_ROOT_CLASS = YES_ERROR;
				CLANG_WARN_RANGE_LOOP_ANALYSIS = YES;
				CLANG_WARN_STRICT_PROTOTYPES = YES;
				CLANG_WARN_SUSPICIOUS_MOVE = YES;
				CLANG_WARN_UNGUARDED_AVAILABILITY = YES_AGGRESSIVE;
				CLANG_WARN_UNREACHABLE_CODE = YES;
				CLANG_WARN__DUPLICATE_METHOD_MATCH = YES;
				COPY_PHASE_STRIP = NO;
				DEBUG_INFORMATION_FORMAT = "dwarf-with-dsym";
				ENABLE_NS_ASSERTIONS = NO;
				ENABLE_STRICT_OBJC_MSGSEND = YES;
				GCC_C_LANGUAGE_STANDARD = gnu11;
				GCC_NO_COMMON_BLOCKS = YES;
				GCC_WARN_64_TO_32_BIT_CONVERSION = YES;
				GCC_WARN_ABOUT_RETURN_TYPE = YES_ERROR;
				GCC_WARN_UNDECLARED_SELECTOR = YES;
				GCC_WARN_UNINITIALIZED_AUTOS = YES_AGGRESSIVE;
				GCC_WARN_UNUSED_FUNCTION = YES;
				GCC_WARN_UNUSED_VARIABLE = YES;
				IPHONEOS_DEPLOYMENT_TARGET = 13.2;
				MTL_ENABLE_DEBUG_INFO = NO;
				MTL_FAST_MATH = YES;
				SDKROOT = iphoneos;
				SWIFT_COMPILATION_MODE = wholemodule;
				SWIFT_OPTIMIZATION_LEVEL = "-O";
				VALIDATE_PRODUCT = YES;
			};
			name = Release;
		};
		D4438BA323B0EA7900EDE0DB /* Debug */ = {
			isa = XCBuildConfiguration;
			baseConfigurationReference = 0CED209314C17F1410FA42E0 /* Pods-ProyectoPEM.debug.xcconfig */;
			buildSettings = {
				ASSETCATALOG_COMPILER_APPICON_NAME = AppIcon;
				CODE_SIGN_STYLE = Automatic;
				INFOPLIST_FILE = ProyectoPEM/Info.plist;
				IPHONEOS_DEPLOYMENT_TARGET = 12.1;
				LD_RUNPATH_SEARCH_PATHS = (
					"$(inherited)",
					"@executable_path/Frameworks",
				);
				PRODUCT_BUNDLE_IDENTIFIER = com.josedaniel.ProyectoPEM;
				PRODUCT_NAME = "$(TARGET_NAME)";
				SWIFT_VERSION = 5.0;
				TARGETED_DEVICE_FAMILY = "1,2";
			};
			name = Debug;
		};
		D4438BA423B0EA7900EDE0DB /* Release */ = {
			isa = XCBuildConfiguration;
			baseConfigurationReference = D7BC40F767EA16BFF39B7958 /* Pods-ProyectoPEM.release.xcconfig */;
			buildSettings = {
				ASSETCATALOG_COMPILER_APPICON_NAME = AppIcon;
				CODE_SIGN_STYLE = Automatic;
				INFOPLIST_FILE = ProyectoPEM/Info.plist;
				IPHONEOS_DEPLOYMENT_TARGET = 12.1;
				LD_RUNPATH_SEARCH_PATHS = (
					"$(inherited)",
					"@executable_path/Frameworks",
				);
				PRODUCT_BUNDLE_IDENTIFIER = com.josedaniel.ProyectoPEM;
				PRODUCT_NAME = "$(TARGET_NAME)";
				SWIFT_VERSION = 5.0;
				TARGETED_DEVICE_FAMILY = "1,2";
			};
			name = Release;
		};
/* End XCBuildConfiguration section */

/* Begin XCConfigurationList section */
		D4438B8923B0EA7600EDE0DB /* Build configuration list for PBXProject "ProyectoPEM" */ = {
			isa = XCConfigurationList;
			buildConfigurations = (
				D4438BA023B0EA7900EDE0DB /* Debug */,
				D4438BA123B0EA7900EDE0DB /* Release */,
			);
			defaultConfigurationIsVisible = 0;
			defaultConfigurationName = Release;
		};
		D4438BA223B0EA7900EDE0DB /* Build configuration list for PBXNativeTarget "ProyectoPEM" */ = {
			isa = XCConfigurationList;
			buildConfigurations = (
				D4438BA323B0EA7900EDE0DB /* Debug */,
				D4438BA423B0EA7900EDE0DB /* Release */,
			);
			defaultConfigurationIsVisible = 0;
			defaultConfigurationName = Release;
		};
/* End XCConfigurationList section */
	};
	rootObject = D4438B8623B0EA7600EDE0DB /* Project object */;
}
